<?xml version="1.0" encoding="utf-8"?>
<Project ToolsVersion="4.0" xmlns="http://schemas.microsoft.com/developer/msbuild/2003">
  <ItemGroup>
    <Filter Include="Source Files">
      <UniqueIdentifier>{4FC737F1-C7A5-4376-A066-2A32D752A2FF}</UniqueIdentifier>
      <Extensions>cpp;c;cc;cxx;def;odl;idl;hpj;bat;asm;asmx</Extensions>
    </Filter>
    <Filter Include="Header Files">
      <UniqueIdentifier>{93995380-89BD-4b04-88EB-625FBE52EBFB}</UniqueIdentifier>
      <Extensions>h;hpp;hxx;hm;inl;inc;xsd</Extensions>
    </Filter>
    <Filter Include="Resource Files">
      <UniqueIdentifier>{67DA6AB6-F800-4c08-8B7A-83BB121AAD01}</UniqueIdentifier>
      <Extensions>rc;ico;cur;bmp;dlg;rc2;rct;bin;rgs;gif;jpg;jpeg;jpe;resx;tiff;tif;png;wav;mfcribbon-ms</Extensions>
    </Filter>
    <Filter Include="Uilib">
      <UniqueIdentifier>{3fafb693-0baa-4f73-9700-4ad28feb7377}</UniqueIdentifier>
    </Filter>
    <Filter Include="Uilib\DgiplusBtn">
      <UniqueIdentifier>{951df9b6-60f3-4eb9-b957-40fe3de02f63}</UniqueIdentifier>
    </Filter>
    <Filter Include="libs">
      <UniqueIdentifier>{ccd55565-28b3-40b7-b18a-f7ee697d1c8f}</UniqueIdentifier>
    </Filter>
    <Filter Include="libs\zip">
      <UniqueIdentifier>{68041cab-1ddd-4e77-b176-c690d5360f6a}</UniqueIdentifier>
    </Filter>
    <Filter Include="pdf">
      <UniqueIdentifier>{d6e16894-d299-467b-9b87-2abf4b8cfa3e}</UniqueIdentifier>
    </Filter>
    <Filter Include="Source Files\views">
      <UniqueIdentifier>{cbacd5bd-b382-44ef-9a4e-16f92d8b69bd}</UniqueIdentifier>
    </Filter>
    <Filter Include="Header Files\views">
      <UniqueIdentifier>{ad421ea0-5644-4567-bab1-e37f390076c7}</UniqueIdentifier>
    </Filter>
    <Filter Include="Uilib\ListCtrlEx">
      <UniqueIdentifier>{515b0087-b6b1-4d51-a825-c1a4b6051dce}</UniqueIdentifier>
    </Filter>
  </ItemGroup>
  <ItemGroup>
    <None Include="ReadMe.txt" />
    <None Include="res\skin\bk.bmp">
      <Filter>Resource Files</Filter>
    </None>
    <None Include="res\introduce.bmp">
      <Filter>Resource Files</Filter>
    </None>
    <None Include="res\ui_base\cornbutton.bmp">
      <Filter>Resource Files</Filter>
    </None>
    <None Include="res\ui_base\CloseButton_Hover.bmp">
      <Filter>Resource Files</Filter>
    </None>
    <None Include="res\ui_base\2.BMP">
      <Filter>Resource Files</Filter>
    </None>
    <None Include="res\ui_base\1.BMP">
      <Filter>Resource Files</Filter>
    </None>
    <None Include="res\ui_base\CloseButton_Down.bmp">
      <Filter>Resource Files</Filter>
    </None>
    <None Include="res\ui_base\CloseButton_Normal.bmp">
      <Filter>Resource Files</Filter>
    </None>
    <None Include="res\ui_base\Btn.bmp">
      <Filter>Resource Files</Filter>
    </None>
    <None Include="res\skin\exit.png">
      <Filter>Resource Files</Filter>
    </None>
    <None Include="res\skin\btn.png">
      <Filter>Resource Files</Filter>
    </None>
    <None Include="res\skin\explorres.png">
      <Filter>Resource Files</Filter>
    </None>
    <None Include="res\skin\exptprj.png">
      <Filter>Resource Files</Filter>
    </None>
    <None Include="res\skin\login.png">
      <Filter>Resource Files</Filter>
    </None>
    <None Include="res\skin\newprj.png">
      <Filter>Resource Files</Filter>
    </None>
    <None Include="res\skin\openprj.png">
      <Filter>Resource Files</Filter>
    </None>
    <None Include="res\skin\save.png">
      <Filter>Resource Files</Filter>
    </None>
    <None Include="res\skin\setting.png">
      <Filter>Resource Files</Filter>
    </None>
    <None Include="res\ui_base\按钮_on.BMP">
      <Filter>Resource Files</Filter>
    </None>
    <None Include="res\skin\unshown.bmp">
      <Filter>Resource Files</Filter>
    </None>
    <None Include="res\DirPackge.rc2">
      <Filter>Resource Files</Filter>
    </None>
    <None Include="res\DirPackge.ico">
      <Filter>Resource Files</Filter>
    </None>
  </ItemGroup>
  <ItemGroup>
    <ClInclude Include="stdafx.h">
      <Filter>Header Files</Filter>
    </ClInclude>
    <ClInclude Include="targetver.h">
      <Filter>Header Files</Filter>
    </ClInclude>
    <ClInclude Include="Resource.h">
      <Filter>Header Files</Filter>
    </ClInclude>
    <ClInclude Include="UiLib\ExDialog.h">
      <Filter>Uilib</Filter>
    </ClInclude>
    <ClInclude Include="UiLib\Link.h">
      <Filter>Uilib</Filter>
    </ClInclude>
    <ClInclude Include="UiLib\OfficeXPMenu.h">
      <Filter>Uilib</Filter>
    </ClInclude>
    <ClInclude Include="UiLib\SkinBtn.h">
      <Filter>Uilib</Filter>
    </ClInclude>
    <ClInclude Include="UiLib\Util.h">
      <Filter>Uilib</Filter>
    </ClInclude>
    <ClInclude Include="UiLib\CGdiPlusBitmap.h">
      <Filter>Uilib\DgiplusBtn</Filter>
    </ClInclude>
    <ClInclude Include="UiLib\GdipButton.h">
      <Filter>Uilib\DgiplusBtn</Filter>
    </ClInclude>
    <ClInclude Include="UiLib\MemDC.h">
      <Filter>Uilib\DgiplusBtn</Filter>
    </ClInclude>
    <ClInclude Include="LoginDlg.h">
      <Filter>Header Files</Filter>
    </ClInclude>
    <ClInclude Include="BMDlg.h">
      <Filter>Header Files</Filter>
    </ClInclude>
    <ClInclude Include="SettingDlg.h">
      <Filter>Header Files</Filter>
    </ClInclude>
    <ClInclude Include="lib\md5.h">
      <Filter>libs</Filter>
    </ClInclude>
    <ClInclude Include="lib\sha256.h">
      <Filter>libs</Filter>
    </ClInclude>
    <ClInclude Include="lib\deelx.h">
      <Filter>libs</Filter>
    </ClInclude>
    <ClInclude Include="lib\XZip\XZip.h">
      <Filter>libs\zip</Filter>
    </ClInclude>
    <ClInclude Include="lib\XZip\XUnzip.h">
      <Filter>libs\zip</Filter>
    </ClInclude>
    <ClInclude Include="DirPackgeDlg.h">
      <Filter>Header Files</Filter>
    </ClInclude>
    <ClInclude Include="DirPackge.h">
      <Filter>Header Files</Filter>
    </ClInclude>
    <ClInclude Include="PackerProj.h">
      <Filter>Header Files</Filter>
    </ClInclude>
    <ClInclude Include="ResManDlg.h">
      <Filter>Header Files</Filter>
    </ClInclude>
    <ClInclude Include="pdf\curl_stream.h">
      <Filter>pdf</Filter>
    </ClInclude>
    <ClInclude Include="pdf\pdfapp.h">
      <Filter>pdf</Filter>
    </ClInclude>
    <ClInclude Include="MetaDlg.h">
      <Filter>Header Files\views</Filter>
    </ClInclude>
    <ClInclude Include="PdfReaderDlg.h">
      <Filter>Header Files\views</Filter>
    </ClInclude>
    <ClInclude Include="ReaderView.h">
      <Filter>Header Files\views</Filter>
    </ClInclude>
    <ClInclude Include="EpubReaderDlg.h">
      <Filter>Header Files\views</Filter>
    </ClInclude>
    <ClInclude Include="LoginStateDlg.h">
      <Filter>Header Files</Filter>
    </ClInclude>
    <ClInclude Include="include\libs.h">
      <Filter>libs</Filter>
    </ClInclude>
    <ClInclude Include="AsyncHttp.h">
      <Filter>Uilib</Filter>
    </ClInclude>
    <ClInclude Include="UiLib\ListCtrlCellEx.h">
      <Filter>Uilib\ListCtrlEx</Filter>
    </ClInclude>
    <ClInclude Include="UiLib\ListCtrlEx.h">
      <Filter>Uilib\ListCtrlEx</Filter>
    </ClInclude>
    <ClInclude Include="UiLib\PerfTimer.h">
      <Filter>Uilib\ListCtrlEx</Filter>
    </ClInclude>
  </ItemGroup>
  <ItemGroup>
    <ClCompile Include="stdafx.cpp">
      <Filter>Source Files</Filter>
    </ClCompile>
    <ClCompile Include="UiLib\ExDialog.cpp">
      <Filter>Uilib</Filter>
    </ClCompile>
    <ClCompile Include="UiLib\Link.cpp">
      <Filter>Uilib</Filter>
    </ClCompile>
    <ClCompile Include="UiLib\OfficeXPMenu.cpp">
      <Filter>Uilib</Filter>
    </ClCompile>
    <ClCompile Include="UiLib\SkinBtn.cpp">
      <Filter>Uilib</Filter>
    </ClCompile>
    <ClCompile Include="UiLib\Util.cpp">
      <Filter>Uilib</Filter>
    </ClCompile>
    <ClCompile Include="UiLib\GdipButton.cpp">
      <Filter>Uilib\DgiplusBtn</Filter>
    </ClCompile>
    <ClCompile Include="LoginDlg.cpp">
      <Filter>Source Files</Filter>
    </ClCompile>
    <ClCompile Include="BMDlg.cpp">
      <Filter>Source Files</Filter>
    </ClCompile>
    <ClCompile Include="SettingDlg.cpp">
      <Filter>Source Files</Filter>
    </ClCompile>
    <ClCompile Include="lib\md5.cpp">
      <Filter>libs</Filter>
    </ClCompile>
    <ClCompile Include="lib\sha256.cpp">
      <Filter>libs</Filter>
    </ClCompile>
    <ClCompile Include="lib\XZip\XUnzip.cpp">
      <Filter>libs\zip</Filter>
    </ClCompile>
    <ClCompile Include="lib\XZip\XZip.cpp">
      <Filter>libs\zip</Filter>
    </ClCompile>
    <ClCompile Include="DirPackgeDlg.cpp">
      <Filter>Source Files</Filter>
    </ClCompile>
    <ClCompile Include="DirPackge.cpp">
      <Filter>Source Files</Filter>
    </ClCompile>
    <ClCompile Include="PackerProj.cpp">
      <Filter>Source Files</Filter>
    </ClCompile>
    <ClCompile Include="ResManDlg.cpp">
      <Filter>Source Files</Filter>
    </ClCompile>
    <ClCompile Include="pdf\pdfapp.c">
      <Filter>pdf</Filter>
    </ClCompile>
    <ClCompile Include="pdf\win_main.c">
      <Filter>pdf</Filter>
    </ClCompile>
    <ClCompile Include="MetaDlg.cpp">
      <Filter>Source Files\views</Filter>
    </ClCompile>
    <ClCompile Include="ReaderView.cpp">
      <Filter>Source Files\views</Filter>
    </ClCompile>
    <ClCompile Include="PdfReaderDlg.cpp">
      <Filter>Source Files\views</Filter>
    </ClCompile>
    <ClCompile Include="EpubReaderDlg.cpp">
      <Filter>Source Files\views</Filter>
    </ClCompile>
    <ClCompile Include="lib\DB.cpp">
      <Filter>libs</Filter>
    </ClCompile>
    <ClCompile Include="LoginStateDlg.cpp">
      <Filter>Source Files</Filter>
    </ClCompile>
    <ClCompile Include="lib\sqlite3\sqlite3.c">
      <Filter>libs</Filter>
    </ClCompile>
    <ClCompile Include="lib\Encode.cpp">
      <Filter>libs</Filter>
    </ClCompile>
    <ClCompile Include="AsyncHttp.cpp">
      <Filter>Uilib</Filter>
    </ClCompile>
    <ClCompile Include="UiLib\ListCtrlCellEx.cpp">
      <Filter>Uilib\ListCtrlEx</Filter>
    </ClCompile>
    <ClCompile Include="UiLib\ListCtrlEx.cpp">
      <Filter>Uilib\ListCtrlEx</Filter>
    </ClCompile>
  </ItemGroup>
  <ItemGroup>
    <ResourceCompile Include="DirPackge.rc">
      <Filter>Resource Files</Filter>
    </ResourceCompile>
  </ItemGroup>
  <ItemGroup>
    <Image Include="res\skin\add.png">
      <Filter>Resource Files</Filter>
    </Image>
    <Image Include="res\skin\remove.png">
      <Filter>Resource Files</Filter>
    </Image>
    <Image Include="res\skin\add_24.png">
      <Filter>Resource Files</Filter>
    </Image>
    <Image Include="res\skin\remove_24.png">
      <Filter>Resource Files</Filter>
    </Image>
    <Image Include="res\ui_base\hdr_bk.bmp">
      <Filter>Resource Files</Filter>
    </Image>
    <Image Include="res\ui_base\SliverBtn.bmp">
      <Filter>Resource Files</Filter>
    </Image>
  </ItemGroup>
  <ItemGroup>
    <Xml Include="res\web.xml" />
  </ItemGroup>
</Project>